
Microsoft Visual Studio Solution File, Format Version 10.00
# Visual Studio 2008
Project("{FAE04EC0-301F-11D3-BF4B-00C04F79EFBC}") = "LoginPortableArea", "PortableArea.Login\LoginPortableArea.csproj", "{4EC965DE-A816-4551-B245-CB6D62B26454}"
EndProject
Project("{FAE04EC0-301F-11D3-BF4B-00C04F79EFBC}") = "UserManagementPortableArea", "UserManagementPortableArea\UserManagementPortableArea.csproj", "{E79C2844-BB8D-4602-AF7D-54E3884A2842}"
EndProject
Project("{2150E333-8FDC-42A3-9474-1A3956D46DE8}") = "Login", "Login", "{C777AD98-B5D7-4802-BE27-3482D9966640}"
EndProject
Project("{2150E333-8FDC-42A3-9474-1A3956D46DE8}") = "UserManagement", "UserManagement", "{F600F126-F9D0-4C9D-99CD-15792B9F0521}"
EndProject
Project("{FAE04EC0-301F-11D3-BF4B-00C04F79EFBC}") = "LoginPortableArea.Tests", "LoginPortableArea.Tests\LoginPortableArea.Tests.csproj", "{B2E03CB5-9017-4C1A-A673-9F80CB098AB0}"
EndProject
Project("{2150E333-8FDC-42A3-9474-1A3956D46DE8}") = "AssemblyVersion", "AssemblyVersion", "{930AEDAC-A37E-4E6E-A2EB-40C3F1F71BA4}"
EndProject
Project("{FAE04EC0-301F-11D3-BF4B-00C04F79EFBC}") = "AssemblyVersionPortableArea", "AssemblyVersionPortableArea\AssemblyVersionPortableArea.csproj", "{69B006FF-1FF9-455C-8919-52AC9FB4D1E8}"
EndProject
Global
	GlobalSection(SolutionConfigurationPlatforms) = preSolution
		Debug|Any CPU = Debug|Any CPU
		Release|Any CPU = Release|Any CPU
	EndGlobalSection
	GlobalSection(ProjectConfigurationPlatforms) = postSolution
		{4EC965DE-A816-4551-B245-CB6D62B26454}.Debug|Any CPU.ActiveCfg = Debug|Any CPU
		{4EC965DE-A816-4551-B245-CB6D62B26454}.Debug|Any CPU.Build.0 = Debug|Any CPU
		{4EC965DE-A816-4551-B245-CB6D62B26454}.Release|Any CPU.ActiveCfg = Release|Any CPU
		{4EC965DE-A816-4551-B245-CB6D62B26454}.Release|Any CPU.Build.0 = Release|Any CPU
		{E79C2844-BB8D-4602-AF7D-54E3884A2842}.Debug|Any CPU.ActiveCfg = Debug|Any CPU
		{E79C2844-BB8D-4602-AF7D-54E3884A2842}.Debug|Any CPU.Build.0 = Debug|Any CPU
		{E79C2844-BB8D-4602-AF7D-54E3884A2842}.Release|Any CPU.ActiveCfg = Release|Any CPU
		{E79C2844-BB8D-4602-AF7D-54E3884A2842}.Release|Any CPU.Build.0 = Release|Any CPU
		{B2E03CB5-9017-4C1A-A673-9F80CB098AB0}.Debug|Any CPU.ActiveCfg = Debug|Any CPU
		{B2E03CB5-9017-4C1A-A673-9F80CB098AB0}.Debug|Any CPU.Build.0 = Debug|Any CPU
		{B2E03CB5-9017-4C1A-A673-9F80CB098AB0}.Release|Any CPU.ActiveCfg = Release|Any CPU
		{B2E03CB5-9017-4C1A-A673-9F80CB098AB0}.Release|Any CPU.Build.0 = Release|Any CPU
		{69B006FF-1FF9-455C-8919-52AC9FB4D1E8}.Debug|Any CPU.ActiveCfg = Debug|Any CPU
		{69B006FF-1FF9-455C-8919-52AC9FB4D1E8}.Debug|Any CPU.Build.0 = Debug|Any CPU
		{69B006FF-1FF9-455C-8919-52AC9FB4D1E8}.Release|Any CPU.ActiveCfg = Release|Any CPU
		{69B006FF-1FF9-455C-8919-52AC9FB4D1E8}.Release|Any CPU.Build.0 = Release|Any CPU
	EndGlobalSection
	GlobalSection(SolutionProperties) = preSolution
		HideSolutionNode = FALSE
	EndGlobalSection
	GlobalSection(NestedProjects) = preSolution
		{4EC965DE-A816-4551-B245-CB6D62B26454} = {C777AD98-B5D7-4802-BE27-3482D9966640}
		{B2E03CB5-9017-4C1A-A673-9F80CB098AB0} = {C777AD98-B5D7-4802-BE27-3482D9966640}
		{E79C2844-BB8D-4602-AF7D-54E3884A2842} = {F600F126-F9D0-4C9D-99CD-15792B9F0521}
		{69B006FF-1FF9-455C-8919-52AC9FB4D1E8} = {930AEDAC-A37E-4E6E-A2EB-40C3F1F71BA4}
	EndGlobalSection
EndGlobal
